
Microsoft Visual Studio Solution File, Format Version 12.00
# Visual Studio Version 17
VisualStudioVersion = 17.0.31903.59
MinimumVisualStudioVersion = 10.0.40219.1
Project("{2150E333-8FDC-42A3-9474-1A3956D46DE8}") = "src", "src", "{827E0CD3-B72D-47B6-A68D-7590B98EB39B}"
EndProject
Project("{FAE04EC0-301F-11D3-BF4B-00C04F79EFBC}") = "DockerLearningApi", "src\DockerLearningApi\DockerLearningApi.csproj", "{A48D5960-2FA6-4B1B-BFC5-79095FF0593C}"
EndProject
Project("{FAE04EC0-301F-11D3-BF4B-00C04F79EFBC}") = "DockerLearningApi.Tests", "src\DockerLearningApi.Tests\DockerLearningApi.Tests.csproj", "{882FC41F-A382-44BB-91A0-2F079638F8EA}"
EndProject
Project("{FAE04EC0-301F-11D3-BF4B-00C04F79EFBC}") = "DockerLearning.Domain", "src\DockerLearning.Domain\DockerLearning.Domain.csproj", "{85C1472B-E310-49BD-8D51-73E55444F296}"
EndProject
Project("{FAE04EC0-301F-11D3-BF4B-00C04F79EFBC}") = "DockerLearning.DbMigrator", "src\DockerLearning.DbMigrator\DockerLearning.DbMigrator.csproj", "{BB761925-4B53-4C25-A61A-D407CB731129}"
EndProject
Project("{FAE04EC0-301F-11D3-BF4B-00C04F79EFBC}") = "DockerLearning.AppHost", "src\DockerLearning.AppHost\DockerLearning.AppHost.csproj", "{BC3E6680-77A8-43E8-9A61-4B4369681DBD}"
EndProject
Project("{FAE04EC0-301F-11D3-BF4B-00C04F79EFBC}") = "DockerLearning.ServiceDefaults", "src\DockerLearning.ServiceDefaults\DockerLearning.ServiceDefaults.csproj", "{77BCDFA3-E753-4CFC-9A72-F0CFC1AA8C7A}"
EndProject
Project("{FAE04EC0-301F-11D3-BF4B-00C04F79EFBC}") = "DockerLearning.ServiceBus", "src\DockerLearning.ServiceBus\DockerLearning.ServiceBus.csproj", "{D8F2A1B5-3C4E-42F1-9A8B-6E7C5D9F8E2A}"
EndProject
Global
	GlobalSection(SolutionConfigurationPlatforms) = preSolution
		Debug|Any CPU = Debug|Any CPU
		Debug|x64 = Debug|x64
		Debug|x86 = Debug|x86
		Release|Any CPU = Release|Any CPU
		Release|x64 = Release|x64
		Release|x86 = Release|x86
	EndGlobalSection
	GlobalSection(ProjectConfigurationPlatforms) = postSolution
		{A48D5960-2FA6-4B1B-BFC5-79095FF0593C}.Debug|Any CPU.ActiveCfg = Debug|Any CPU
		{A48D5960-2FA6-4B1B-BFC5-79095FF0593C}.Debug|Any CPU.Build.0 = Debug|Any CPU
		{A48D5960-2FA6-4B1B-BFC5-79095FF0593C}.Debug|x64.ActiveCfg = Debug|Any CPU
		{A48D5960-2FA6-4B1B-BFC5-79095FF0593C}.Debug|x64.Build.0 = Debug|Any CPU
		{A48D5960-2FA6-4B1B-BFC5-79095FF0593C}.Debug|x86.ActiveCfg = Debug|Any CPU
		{A48D5960-2FA6-4B1B-BFC5-79095FF0593C}.Debug|x86.Build.0 = Debug|Any CPU
		{A48D5960-2FA6-4B1B-BFC5-79095FF0593C}.Release|Any CPU.ActiveCfg = Release|Any CPU
		{A48D5960-2FA6-4B1B-BFC5-79095FF0593C}.Release|Any CPU.Build.0 = Release|Any CPU
		{A48D5960-2FA6-4B1B-BFC5-79095FF0593C}.Release|x64.ActiveCfg = Release|Any CPU
		{A48D5960-2FA6-4B1B-BFC5-79095FF0593C}.Release|x64.Build.0 = Release|Any CPU
		{A48D5960-2FA6-4B1B-BFC5-79095FF0593C}.Release|x86.ActiveCfg = Release|Any CPU
		{A48D5960-2FA6-4B1B-BFC5-79095FF0593C}.Release|x86.Build.0 = Release|Any CPU
		{882FC41F-A382-44BB-91A0-2F079638F8EA}.Debug|Any CPU.ActiveCfg = Debug|Any CPU
		{882FC41F-A382-44BB-91A0-2F079638F8EA}.Debug|Any CPU.Build.0 = Debug|Any CPU
		{882FC41F-A382-44BB-91A0-2F079638F8EA}.Debug|x64.ActiveCfg = Debug|Any CPU
		{882FC41F-A382-44BB-91A0-2F079638F8EA}.Debug|x64.Build.0 = Debug|Any CPU
		{882FC41F-A382-44BB-91A0-2F079638F8EA}.Debug|x86.ActiveCfg = Debug|Any CPU
		{882FC41F-A382-44BB-91A0-2F079638F8EA}.Debug|x86.Build.0 = Debug|Any CPU
		{882FC41F-A382-44BB-91A0-2F079638F8EA}.Release|Any CPU.ActiveCfg = Release|Any CPU
		{882FC41F-A382-44BB-91A0-2F079638F8EA}.Release|Any CPU.Build.0 = Release|Any CPU
		{882FC41F-A382-44BB-91A0-2F079638F8EA}.Release|x64.ActiveCfg = Release|Any CPU
		{882FC41F-A382-44BB-91A0-2F079638F8EA}.Release|x64.Build.0 = Release|Any CPU
		{882FC41F-A382-44BB-91A0-2F079638F8EA}.Release|x86.ActiveCfg = Release|Any CPU
		{882FC41F-A382-44BB-91A0-2F079638F8EA}.Release|x86.Build.0 = Release|Any CPU
		{85C1472B-E310-49BD-8D51-73E55444F296}.Debug|Any CPU.ActiveCfg = Debug|Any CPU
		{85C1472B-E310-49BD-8D51-73E55444F296}.Debug|Any CPU.Build.0 = Debug|Any CPU
		{85C1472B-E310-49BD-8D51-73E55444F296}.Debug|x64.ActiveCfg = Debug|Any CPU
		{85C1472B-E310-49BD-8D51-73E55444F296}.Debug|x64.Build.0 = Debug|Any CPU
		{85C1472B-E310-49BD-8D51-73E55444F296}.Debug|x86.ActiveCfg = Debug|Any CPU
		{85C1472B-E310-49BD-8D51-73E55444F296}.Debug|x86.Build.0 = Debug|Any CPU
		{85C1472B-E310-49BD-8D51-73E55444F296}.Release|Any CPU.ActiveCfg = Release|Any CPU
		{85C1472B-E310-49BD-8D51-73E55444F296}.Release|Any CPU.Build.0 = Release|Any CPU
		{85C1472B-E310-49BD-8D51-73E55444F296}.Release|x64.ActiveCfg = Release|Any CPU
		{85C1472B-E310-49BD-8D51-73E55444F296}.Release|x64.Build.0 = Release|Any CPU
		{85C1472B-E310-49BD-8D51-73E55444F296}.Release|x86.ActiveCfg = Release|Any CPU
		{85C1472B-E310-49BD-8D51-73E55444F296}.Release|x86.Build.0 = Release|Any CPU
		{BB761925-4B53-4C25-A61A-D407CB731129}.Debug|Any CPU.ActiveCfg = Debug|Any CPU
		{BB761925-4B53-4C25-A61A-D407CB731129}.Debug|Any CPU.Build.0 = Debug|Any CPU
		{BB761925-4B53-4C25-A61A-D407CB731129}.Debug|x64.ActiveCfg = Debug|Any CPU
		{BB761925-4B53-4C25-A61A-D407CB731129}.Debug|x64.Build.0 = Debug|Any CPU
		{BB761925-4B53-4C25-A61A-D407CB731129}.Debug|x86.ActiveCfg = Debug|Any CPU
		{BB761925-4B53-4C25-A61A-D407CB731129}.Debug|x86.Build.0 = Debug|Any CPU
		{BB761925-4B53-4C25-A61A-D407CB731129}.Release|Any CPU.ActiveCfg = Release|Any CPU
		{BB761925-4B53-4C25-A61A-D407CB731129}.Release|Any CPU.Build.0 = Release|Any CPU
		{BB761925-4B53-4C25-A61A-D407CB731129}.Release|x64.ActiveCfg = Release|Any CPU
		{BB761925-4B53-4C25-A61A-D407CB731129}.Release|x64.Build.0 = Release|Any CPU
		{BB761925-4B53-4C25-A61A-D407CB731129}.Release|x86.ActiveCfg = Release|Any CPU
		{BB761925-4B53-4C25-A61A-D407CB731129}.Release|x86.Build.0 = Release|Any CPU
		{BC3E6680-77A8-43E8-9A61-4B4369681DBD}.Debug|Any CPU.ActiveCfg = Debug|Any CPU
		{BC3E6680-77A8-43E8-9A61-4B4369681DBD}.Debug|Any CPU.Build.0 = Debug|Any CPU
		{BC3E6680-77A8-43E8-9A61-4B4369681DBD}.Debug|x64.ActiveCfg = Debug|Any CPU
		{BC3E6680-77A8-43E8-9A61-4B4369681DBD}.Debug|x64.Build.0 = Debug|Any CPU
		{BC3E6680-77A8-43E8-9A61-4B4369681DBD}.Debug|x86.ActiveCfg = Debug|Any CPU
		{BC3E6680-77A8-43E8-9A61-4B4369681DBD}.Debug|x86.Build.0 = Debug|Any CPU
		{BC3E6680-77A8-43E8-9A61-4B4369681DBD}.Release|Any CPU.ActiveCfg = Release|Any CPU
		{BC3E6680-77A8-43E8-9A61-4B4369681DBD}.Release|Any CPU.Build.0 = Release|Any CPU
		{BC3E6680-77A8-43E8-9A61-4B4369681DBD}.Release|x64.ActiveCfg = Release|Any CPU
		{BC3E6680-77A8-43E8-9A61-4B4369681DBD}.Release|x64.Build.0 = Release|Any CPU
		{BC3E6680-77A8-43E8-9A61-4B4369681DBD}.Release|x86.ActiveCfg = Release|Any CPU
		{BC3E6680-77A8-43E8-9A61-4B4369681DBD}.Release|x86.Build.0 = Release|Any CPU
		{77BCDFA3-E753-4CFC-9A72-F0CFC1AA8C7A}.Debug|Any CPU.ActiveCfg = Debug|Any CPU
		{77BCDFA3-E753-4CFC-9A72-F0CFC1AA8C7A}.Debug|Any CPU.Build.0 = Debug|Any CPU
		{77BCDFA3-E753-4CFC-9A72-F0CFC1AA8C7A}.Debug|x64.ActiveCfg = Debug|Any CPU
		{77BCDFA3-E753-4CFC-9A72-F0CFC1AA8C7A}.Debug|x64.Build.0 = Debug|Any CPU
		{77BCDFA3-E753-4CFC-9A72-F0CFC1AA8C7A}.Debug|x86.ActiveCfg = Debug|Any CPU
		{77BCDFA3-E753-4CFC-9A72-F0CFC1AA8C7A}.Debug|x86.Build.0 = Debug|Any CPU
		{77BCDFA3-E753-4CFC-9A72-F0CFC1AA8C7A}.Release|Any CPU.ActiveCfg = Release|Any CPU
		{77BCDFA3-E753-4CFC-9A72-F0CFC1AA8C7A}.Release|Any CPU.Build.0 = Release|Any CPU
		{77BCDFA3-E753-4CFC-9A72-F0CFC1AA8C7A}.Release|x64.ActiveCfg = Release|Any CPU
		{77BCDFA3-E753-4CFC-9A72-F0CFC1AA8C7A}.Release|x64.Build.0 = Release|Any CPU
		{77BCDFA3-E753-4CFC-9A72-F0CFC1AA8C7A}.Release|x86.ActiveCfg = Release|Any CPU
		{77BCDFA3-E753-4CFC-9A72-F0CFC1AA8C7A}.Release|x86.Build.0 = Release|Any CPU
		{D8F2A1B5-3C4E-42F1-9A8B-6E7C5D9F8E2A}.Debug|Any CPU.ActiveCfg = Debug|Any CPU
		{D8F2A1B5-3C4E-42F1-9A8B-6E7C5D9F8E2A}.Debug|Any CPU.Build.0 = Debug|Any CPU
		{D8F2A1B5-3C4E-42F1-9A8B-6E7C5D9F8E2A}.Debug|x64.ActiveCfg = Debug|Any CPU
		{D8F2A1B5-3C4E-42F1-9A8B-6E7C5D9F8E2A}.Debug|x64.Build.0 = Debug|Any CPU
		{D8F2A1B5-3C4E-42F1-9A8B-6E7C5D9F8E2A}.Debug|x86.ActiveCfg = Debug|Any CPU
		{D8F2A1B5-3C4E-42F1-9A8B-6E7C5D9F8E2A}.Debug|x86.Build.0 = Debug|Any CPU
		{D8F2A1B5-3C4E-42F1-9A8B-6E7C5D9F8E2A}.Release|Any CPU.ActiveCfg = Release|Any CPU
		{D8F2A1B5-3C4E-42F1-9A8B-6E7C5D9F8E2A}.Release|Any CPU.Build.0 = Release|Any CPU
		{D8F2A1B5-3C4E-42F1-9A8B-6E7C5D9F8E2A}.Release|x64.ActiveCfg = Release|Any CPU
		{D8F2A1B5-3C4E-42F1-9A8B-6E7C5D9F8E2A}.Release|x64.Build.0 = Release|Any CPU
		{D8F2A1B5-3C4E-42F1-9A8B-6E7C5D9F8E2A}.Release|x86.ActiveCfg = Release|Any CPU
		{D8F2A1B5-3C4E-42F1-9A8B-6E7C5D9F8E2A}.Release|x86.Build.0 = Release|Any CPU
	EndGlobalSection
	GlobalSection(SolutionProperties) = preSolution
		HideSolutionNode = FALSE
	EndGlobalSection
	GlobalSection(NestedProjects) = preSolution
		{A48D5960-2FA6-4B1B-BFC5-79095FF0593C} = {827E0CD3-B72D-47B6-A68D-7590B98EB39B}
		{882FC41F-A382-44BB-91A0-2F079638F8EA} = {827E0CD3-B72D-47B6-A68D-7590B98EB39B}
		{85C1472B-E310-49BD-8D51-73E55444F296} = {827E0CD3-B72D-47B6-A68D-7590B98EB39B}
		{BB761925-4B53-4C25-A61A-D407CB731129} = {827E0CD3-B72D-47B6-A68D-7590B98EB39B}
		{BC3E6680-77A8-43E8-9A61-4B4369681DBD} = {827E0CD3-B72D-47B6-A68D-7590B98EB39B}
		{77BCDFA3-E753-4CFC-9A72-F0CFC1AA8C7A} = {827E0CD3-B72D-47B6-A68D-7590B98EB39B}
		{D8F2A1B5-3C4E-42F1-9A8B-6E7C5D9F8E2A} = {827E0CD3-B72D-47B6-A68D-7590B98EB39B}
	EndGlobalSection
EndGlobal
